
Microsoft Visual Studio Solution File, Format Version 12.00
# Visual Studio Version 17
VisualStudioVersion = 17.7.34202.233
MinimumVisualStudioVersion = 10.0.40219.1
Project("{FAE04EC0-301F-11D3-BF4B-00C04F79EFBC}") = "project-app", "project-app\project-app.csproj", "{A8536E06-DD5C-4016-9F3B-8EECAE78454F}"
EndProject
Global
	GlobalSection(SolutionConfigurationPlatforms) = preSolution
		Debug|Any CPU = Debug|Any CPU
		Release|Any CPU = Release|Any CPU
	EndGlobalSection
	GlobalSection(ProjectConfigurationPlatforms) = postSolution
		{A8536E06-DD5C-4016-9F3B-8EECAE78454F}.Debug|Any CPU.ActiveCfg = Debug|Any CPU
		{A8536E06-DD5C-4016-9F3B-8EECAE78454F}.Debug|Any CPU.Build.0 = Debug|Any CPU
		{A8536E06-DD5C-4016-9F3B-8EECAE78454F}.Debug|Any CPU.Deploy.0 = Debug|Any CPU
		{A8536E06-DD5C-4016-9F3B-8EECAE78454F}.Release|Any CPU.ActiveCfg = Release|Any CPU
		{A8536E06-DD5C-4016-9F3B-8EECAE78454F}.Release|Any CPU.Build.0 = Release|Any CPU
		{A8536E06-DD5C-4016-9F3B-8EECAE78454F}.Release|Any CPU.Deploy.0 = Release|Any CPU
	EndGlobalSection
	GlobalSection(SolutionProperties) = preSolution
		HideSolutionNode = FALSE
	EndGlobalSection
	GlobalSection(ExtensibilityGlobals) = postSolution
		SolutionGuid = {AD06AA35-2D7E-4937-83C2-B4228AB6F95F}
	EndGlobalSection
EndGlobal
