
Microsoft Visual Studio Solution File, Format Version 12.00
# Visual Studio Version 17
VisualStudioVersion = 17.7.34202.233
MinimumVisualStudioVersion = 10.0.40219.1
Project("{FAE04EC0-301F-11D3-BF4B-00C04F79EFBC}") = "ExploreX.Android", "ExploreX.Android\ExploreX.Android.csproj", "{F7219278-9E65-49F4-AC11-CDBA27E4C81C}"
EndProject
Project("{FAE04EC0-301F-11D3-BF4B-00C04F79EFBC}") = "ExploreX", "ExploreX\ExploreX.csproj", "{7F09CC50-57DF-4FF7-B464-AA399D4F757D}"
EndProject
Global
	GlobalSection(SolutionConfigurationPlatforms) = preSolution
		Debug|Any CPU = Debug|Any CPU
		Release|Any CPU = Release|Any CPU
	EndGlobalSection
	GlobalSection(ProjectConfigurationPlatforms) = postSolution
		{F7219278-9E65-49F4-AC11-CDBA27E4C81C}.Debug|Any CPU.ActiveCfg = Debug|Any CPU
		{F7219278-9E65-49F4-AC11-CDBA27E4C81C}.Debug|Any CPU.Build.0 = Debug|Any CPU
		{F7219278-9E65-49F4-AC11-CDBA27E4C81C}.Debug|Any CPU.Deploy.0 = Debug|Any CPU
		{F7219278-9E65-49F4-AC11-CDBA27E4C81C}.Release|Any CPU.ActiveCfg = Release|Any CPU
		{F7219278-9E65-49F4-AC11-CDBA27E4C81C}.Release|Any CPU.Build.0 = Release|Any CPU
		{F7219278-9E65-49F4-AC11-CDBA27E4C81C}.Release|Any CPU.Deploy.0 = Release|Any CPU
		{7F09CC50-57DF-4FF7-B464-AA399D4F757D}.Debug|Any CPU.ActiveCfg = Debug|Any CPU
		{7F09CC50-57DF-4FF7-B464-AA399D4F757D}.Debug|Any CPU.Build.0 = Debug|Any CPU
		{7F09CC50-57DF-4FF7-B464-AA399D4F757D}.Debug|Any CPU.Deploy.0 = Debug|Any CPU
		{7F09CC50-57DF-4FF7-B464-AA399D4F757D}.Release|Any CPU.ActiveCfg = Release|Any CPU
		{7F09CC50-57DF-4FF7-B464-AA399D4F757D}.Release|Any CPU.Build.0 = Release|Any CPU
		{7F09CC50-57DF-4FF7-B464-AA399D4F757D}.Release|Any CPU.Deploy.0 = Release|Any CPU
	EndGlobalSection
	GlobalSection(SolutionProperties) = preSolution
		HideSolutionNode = FALSE
	EndGlobalSection
	GlobalSection(ExtensibilityGlobals) = postSolution
		SolutionGuid = {9A0B7320-0669-43AF-B232-11330526926B}
	EndGlobalSection
EndGlobal
